
Microsoft Visual Studio Solution File, Format Version 12.00
# Visual Studio 15
VisualStudioVersion = 15.0.28307.489
MinimumVisualStudioVersion = 10.0.40219.1
Project("{FAE04EC0-301F-11D3-BF4B-00C04F79EFBC}") = "PokerV2", "PokerV2\PokerV2.csproj", "{475BAC62-C078-46F5-8A9A-214AED973D3B}"
EndProject
Project("{2150E333-8FDC-42A3-9474-1A3956D46DE8}") = "Solution Items", "Solution Items", "{2A35EDD3-7841-41C2-AC20-636D7D06F4B6}"
EndProject
Global
	GlobalSection(SolutionConfigurationPlatforms) = preSolution
		Debug|Any CPU = Debug|Any CPU
		Release|Any CPU = Release|Any CPU
	EndGlobalSection
	GlobalSection(ProjectConfigurationPlatforms) = postSolution
		{475BAC62-C078-46F5-8A9A-214AED973D3B}.Debug|Any CPU.ActiveCfg = Debug|Any CPU
		{475BAC62-C078-46F5-8A9A-214AED973D3B}.Debug|Any CPU.Build.0 = Debug|Any CPU
		{475BAC62-C078-46F5-8A9A-214AED973D3B}.Release|Any CPU.ActiveCfg = Release|Any CPU
		{475BAC62-C078-46F5-8A9A-214AED973D3B}.Release|Any CPU.Build.0 = Release|Any CPU
	EndGlobalSection
	GlobalSection(SolutionProperties) = preSolution
		HideSolutionNode = FALSE
	EndGlobalSection
	GlobalSection(ExtensibilityGlobals) = postSolution
		SolutionGuid = {93A0DFBB-0A30-4D2B-A02A-E6A228A2F5ED}
	EndGlobalSection
EndGlobal
